// !$*UTF8*$!
{
	archiveVersion = 1;
	classes = {
	};
	objectVersion = 50;
	objects = {

/* Begin PBXBuildFile section */
		94464D3325E0D2AB00C6F4F5 /* AppDelegate.swift in Sources */ = {isa = PBXBuildFile; fileRef = 94464D3225E0D2AB00C6F4F5 /* AppDelegate.swift */; };
		94464D3525E0D2AB00C6F4F5 /* SceneDelegate.swift in Sources */ = {isa = PBXBuildFile; fileRef = 94464D3425E0D2AB00C6F4F5 /* SceneDelegate.swift */; };
		94464D3725E0D2AB00C6F4F5 /* ViewController.swift in Sources */ = {isa = PBXBuildFile; fileRef = 94464D3625E0D2AB00C6F4F5 /* ViewController.swift */; };
		94464D3A25E0D2AC00C6F4F5 /* Main.storyboard in Resources */ = {isa = PBXBuildFile; fileRef = 94464D3825E0D2AC00C6F4F5 /* Main.storyboard */; };
		94464D3D25E0D2AC00C6F4F5 /* SampleApp.xcdatamodeld in Sources */ = {isa = PBXBuildFile; fileRef = 94464D3B25E0D2AC00C6F4F5 /* SampleApp.xcdatamodeld */; };
		94464D3F25E0D2D300C6F4F5 /* Assets.xcassets in Resources */ = {isa = PBXBuildFile; fileRef = 94464D3E25E0D2D300C6F4F5 /* Assets.xcassets */; };
		94464D4225E0D2D300C6F4F5 /* LaunchScreen.storyboard in Resources */ = {isa = PBXBuildFile; fileRef = 94464D4025E0D2D300C6F4F5 /* LaunchScreen.storyboard */; };
		94464D5025E0DC5800C6F4F5 /* TopTabCell.swift in Sources */ = {isa = PBXBuildFile; fileRef = 94464D4F25E0DC5800C6F4F5 /* TopTabCell.swift */; };
		94464D5625E0DEE300C6F4F5 /* Extensions.swift in Sources */ = {isa = PBXBuildFile; fileRef = 94464D5425E0DEE300C6F4F5 /* Extensions.swift */; };
		9451FD0F25E277A00041F419 /* CustomCollectionViewCell.swift in Sources */ = {isa = PBXBuildFile; fileRef = 9451FD0E25E277A00041F419 /* CustomCollectionViewCell.swift */; };
		9451FD1225E278230041F419 /* MainTabController.swift in Sources */ = {isa = PBXBuildFile; fileRef = 9451FD1125E278230041F419 /* MainTabController.swift */; };
		9451FD1525E2784C0041F419 /* FeedController.swift in Sources */ = {isa = PBXBuildFile; fileRef = 9451FD1425E2784C0041F419 /* FeedController.swift */; };
		9451FD1925E27E9C0041F419 /* ChatDetailsController.swift in Sources */ = {isa = PBXBuildFile; fileRef = 9451FD1825E27E9C0041F419 /* ChatDetailsController.swift */; };
		9451FD1C25E27EA40041F419 /* ChatCell.swift in Sources */ = {isa = PBXBuildFile; fileRef = 9451FD1B25E27EA40041F419 /* ChatCell.swift */; };
		9451FD1F25E27EB10041F419 /* ViewController+Extension.swift in Sources */ = {isa = PBXBuildFile; fileRef = 9451FD1E25E27EB10041F419 /* ViewController+Extension.swift */; };
		9451FD2425E27EC10041F419 /* UserInfo.swift in Sources */ = {isa = PBXBuildFile; fileRef = 9451FD2225E27EC10041F419 /* UserInfo.swift */; };
		9451FD2525E27EC10041F419 /* EntryItem.swift in Sources */ = {isa = PBXBuildFile; fileRef = 9451FD2325E27EC10041F419 /* EntryItem.swift */; };
		9451FD2D25E27ECF0041F419 /* UserDBHelper.swift in Sources */ = {isa = PBXBuildFile; fileRef = 9451FD2A25E27ECF0041F419 /* UserDBHelper.swift */; };
		9451FD4325E28FA90041F419 /* Customer+CoreDataClass.swift in Sources */ = {isa = PBXBuildFile; fileRef = 9451FD3F25E28FA90041F419 /* Customer+CoreDataClass.swift */; };
		9451FD4425E28FA90041F419 /* Customer+CoreDataProperties.swift in Sources */ = {isa = PBXBuildFile; fileRef = 9451FD4025E28FA90041F419 /* Customer+CoreDataProperties.swift */; };
		9451FD4525E28FA90041F419 /* User+CoreDataClass.swift in Sources */ = {isa = PBXBuildFile; fileRef = 9451FD4125E28FA90041F419 /* User+CoreDataClass.swift */; };
		9451FD4625E28FA90041F419 /* User+CoreDataProperties.swift in Sources */ = {isa = PBXBuildFile; fileRef = 9451FD4225E28FA90041F419 /* User+CoreDataProperties.swift */; };
		9451FD4B25E2A74F0041F419 /* CustomerDBHelper.swift in Sources */ = {isa = PBXBuildFile; fileRef = 9451FD4A25E2A74F0041F419 /* CustomerDBHelper.swift */; };
		9451FD5025E2C6A40041F419 /* SampleCell.swift in Sources */ = {isa = PBXBuildFile; fileRef = 9451FD4F25E2C6A40041F419 /* SampleCell.swift */; };
		94D818D225E0FC4C00751FF2 /* Utilities.swift in Sources */ = {isa = PBXBuildFile; fileRef = 94D818D125E0FC4C00751FF2 /* Utilities.swift */; };
		94D818D525E127EE00751FF2 /* ExampleController.swift in Sources */ = {isa = PBXBuildFile; fileRef = 94D818D425E127EE00751FF2 /* ExampleController.swift */; };
		94D818D825E12D0900751FF2 /* optionCell.swift in Sources */ = {isa = PBXBuildFile; fileRef = 94D818D725E12D0900751FF2 /* optionCell.swift */; };
/* End PBXBuildFile section */

/* Begin PBXFileReference section */
		94464D2F25E0D2AB00C6F4F5 /* SampleApp.app */ = {isa = PBXFileReference; explicitFileType = wrapper.application; includeInIndex = 0; path = SampleApp.app; sourceTree = BUILT_PRODUCTS_DIR; };
		94464D3225E0D2AB00C6F4F5 /* AppDelegate.swift */ = {isa = PBXFileReference; lastKnownFileType = sourcecode.swift; path = AppDelegate.swift; sourceTree = "<group>"; };
		94464D3425E0D2AB00C6F4F5 /* SceneDelegate.swift */ = {isa = PBXFileReference; lastKnownFileType = sourcecode.swift; path = SceneDelegate.swift; sourceTree = "<group>"; };
		94464D3625E0D2AB00C6F4F5 /* ViewController.swift */ = {isa = PBXFileReference; lastKnownFileType = sourcecode.swift; path = ViewController.swift; sourceTree = "<group>"; };
		94464D3925E0D2AC00C6F4F5 /* Base */ = {isa = PBXFileReference; lastKnownFileType = file.storyboard; name = Base; path = Base.lproj/Main.storyboard; sourceTree = "<group>"; };
		94464D3C25E0D2AC00C6F4F5 /* SampleApp.xcdatamodel */ = {isa = PBXFileReference; lastKnownFileType = wrapper.xcdatamodel; path = SampleApp.xcdatamodel; sourceTree = "<group>"; };
		94464D3E25E0D2D300C6F4F5 /* Assets.xcassets */ = {isa = PBXFileReference; lastKnownFileType = folder.assetcatalog; path = Assets.xcassets; sourceTree = "<group>"; };
		94464D4125E0D2D300C6F4F5 /* Base */ = {isa = PBXFileReference; lastKnownFileType = file.storyboard; name = Base; path = Base.lproj/LaunchScreen.storyboard; sourceTree = "<group>"; };
		94464D4325E0D2D300C6F4F5 /* Info.plist */ = {isa = PBXFileReference; lastKnownFileType = text.plist.xml; path = Info.plist; sourceTree = "<group>"; };
		94464D4F25E0DC5800C6F4F5 /* TopTabCell.swift */ = {isa = PBXFileReference; lastKnownFileType = sourcecode.swift; path = TopTabCell.swift; sourceTree = "<group>"; };
		94464D5425E0DEE300C6F4F5 /* Extensions.swift */ = {isa = PBXFileReference; fileEncoding = 4; lastKnownFileType = sourcecode.swift; path = Extensions.swift; sourceTree = "<group>"; };
		9451FD0E25E277A00041F419 /* CustomCollectionViewCell.swift */ = {isa = PBXFileReference; fileEncoding = 4; lastKnownFileType = sourcecode.swift; path = CustomCollectionViewCell.swift; sourceTree = "<group>"; };
		9451FD1125E278230041F419 /* MainTabController.swift */ = {isa = PBXFileReference; fileEncoding = 4; lastKnownFileType = sourcecode.swift; path = MainTabController.swift; sourceTree = "<group>"; };
		9451FD1425E2784C0041F419 /* FeedController.swift */ = {isa = PBXFileReference; fileEncoding = 4; lastKnownFileType = sourcecode.swift; path = FeedController.swift; sourceTree = "<group>"; };
		9451FD1825E27E9C0041F419 /* ChatDetailsController.swift */ = {isa = PBXFileReference; fileEncoding = 4; lastKnownFileType = sourcecode.swift; path = ChatDetailsController.swift; sourceTree = "<group>"; };
		9451FD1B25E27EA40041F419 /* ChatCell.swift */ = {isa = PBXFileReference; fileEncoding = 4; lastKnownFileType = sourcecode.swift; path = ChatCell.swift; sourceTree = "<group>"; };
		9451FD1E25E27EB10041F419 /* ViewController+Extension.swift */ = {isa = PBXFileReference; fileEncoding = 4; lastKnownFileType = sourcecode.swift; path = "ViewController+Extension.swift"; sourceTree = "<group>"; };
		9451FD2225E27EC10041F419 /* UserInfo.swift */ = {isa = PBXFileReference; fileEncoding = 4; lastKnownFileType = sourcecode.swift; path = UserInfo.swift; sourceTree = "<group>"; };
		9451FD2325E27EC10041F419 /* EntryItem.swift */ = {isa = PBXFileReference; fileEncoding = 4; lastKnownFileType = sourcecode.swift; path = EntryItem.swift; sourceTree = "<group>"; };
		9451FD2A25E27ECF0041F419 /* UserDBHelper.swift */ = {isa = PBXFileReference; fileEncoding = 4; lastKnownFileType = sourcecode.swift; path = UserDBHelper.swift; sourceTree = "<group>"; };
		9451FD3F25E28FA90041F419 /* Customer+CoreDataClass.swift */ = {isa = PBXFileReference; lastKnownFileType = sourcecode.swift; path = "Customer+CoreDataClass.swift"; sourceTree = "<group>"; };
		9451FD4025E28FA90041F419 /* Customer+CoreDataProperties.swift */ = {isa = PBXFileReference; lastKnownFileType = sourcecode.swift; path = "Customer+CoreDataProperties.swift"; sourceTree = "<group>"; };
		9451FD4125E28FA90041F419 /* User+CoreDataClass.swift */ = {isa = PBXFileReference; lastKnownFileType = sourcecode.swift; path = "User+CoreDataClass.swift"; sourceTree = "<group>"; };
		9451FD4225E28FA90041F419 /* User+CoreDataProperties.swift */ = {isa = PBXFileReference; lastKnownFileType = sourcecode.swift; path = "User+CoreDataProperties.swift"; sourceTree = "<group>"; };
		9451FD4A25E2A74F0041F419 /* CustomerDBHelper.swift */ = {isa = PBXFileReference; lastKnownFileType = sourcecode.swift; path = CustomerDBHelper.swift; sourceTree = "<group>"; };
		9451FD4F25E2C6A40041F419 /* SampleCell.swift */ = {isa = PBXFileReference; lastKnownFileType = sourcecode.swift; path = SampleCell.swift; sourceTree = "<group>"; };
		94D818D125E0FC4C00751FF2 /* Utilities.swift */ = {isa = PBXFileReference; fileEncoding = 4; lastKnownFileType = sourcecode.swift; path = Utilities.swift; sourceTree = "<group>"; };
		94D818D425E127EE00751FF2 /* ExampleController.swift */ = {isa = PBXFileReference; lastKnownFileType = sourcecode.swift; path = ExampleController.swift; sourceTree = "<group>"; };
		94D818D725E12D0900751FF2 /* optionCell.swift */ = {isa = PBXFileReference; fileEncoding = 4; lastKnownFileType = sourcecode.swift; path = optionCell.swift; sourceTree = "<group>"; };
/* End PBXFileReference section */

/* Begin PBXFrameworksBuildPhase section */
		94464D2C25E0D2AB00C6F4F5 /* Frameworks */ = {
			isa = PBXFrameworksBuildPhase;
			buildActionMask = 2147483647;
			files = (
			);
			runOnlyForDeploymentPostprocessing = 0;
		};
/* End PBXFrameworksBuildPhase section */

/* Begin PBXGroup section */
		94464D2625E0D2AA00C6F4F5 = {
			isa = PBXGroup;
			children = (
				94464D3125E0D2AB00C6F4F5 /* SampleApp */,
				94464D3025E0D2AB00C6F4F5 /* Products */,
			);
			sourceTree = "<group>";
		};
		94464D3025E0D2AB00C6F4F5 /* Products */ = {
			isa = PBXGroup;
			children = (
				94464D2F25E0D2AB00C6F4F5 /* SampleApp.app */,
			);
			name = Products;
			sourceTree = "<group>";
		};
		94464D3125E0D2AB00C6F4F5 /* SampleApp */ = {
			isa = PBXGroup;
			children = (
				9451FD4925E2A6F10041F419 /* Viewcontroller */,
				9451FD2725E27ECF0041F419 /* CoreData */,
				9451FD2125E27EC10041F419 /* Model */,
				94464D5225E0DEE300C6F4F5 /* Utils */,
				94464D4E25E0DBAE00C6F4F5 /* View */,
				94464D3225E0D2AB00C6F4F5 /* AppDelegate.swift */,
				94464D3425E0D2AB00C6F4F5 /* SceneDelegate.swift */,
				94464D3825E0D2AC00C6F4F5 /* Main.storyboard */,
				94464D3E25E0D2D300C6F4F5 /* Assets.xcassets */,
				94464D4025E0D2D300C6F4F5 /* LaunchScreen.storyboard */,
				94464D4325E0D2D300C6F4F5 /* Info.plist */,
				94464D3B25E0D2AC00C6F4F5 /* SampleApp.xcdatamodeld */,
			);
			path = SampleApp;
			sourceTree = "<group>";
		};
		94464D4E25E0DBAE00C6F4F5 /* View */ = {
			isa = PBXGroup;
			children = (
				94D818D725E12D0900751FF2 /* optionCell.swift */,
				9451FD0E25E277A00041F419 /* CustomCollectionViewCell.swift */,
				94464D4F25E0DC5800C6F4F5 /* TopTabCell.swift */,
				9451FD1B25E27EA40041F419 /* ChatCell.swift */,
				9451FD4F25E2C6A40041F419 /* SampleCell.swift */,
			);
			path = View;
			sourceTree = "<group>";
		};
		94464D5225E0DEE300C6F4F5 /* Utils */ = {
			isa = PBXGroup;
			children = (
				94D818D125E0FC4C00751FF2 /* Utilities.swift */,
				9451FD1E25E27EB10041F419 /* ViewController+Extension.swift */,
				94464D5425E0DEE300C6F4F5 /* Extensions.swift */,
			);
			path = Utils;
			sourceTree = "<group>";
		};
		9451FD2125E27EC10041F419 /* Model */ = {
			isa = PBXGroup;
			children = (
				9451FD2225E27EC10041F419 /* UserInfo.swift */,
				9451FD2325E27EC10041F419 /* EntryItem.swift */,
			);
			path = Model;
			sourceTree = "<group>";
		};
		9451FD2725E27ECF0041F419 /* CoreData */ = {
			isa = PBXGroup;
			children = (
				9451FD3F25E28FA90041F419 /* Customer+CoreDataClass.swift */,
				9451FD4025E28FA90041F419 /* Customer+CoreDataProperties.swift */,
				9451FD4125E28FA90041F419 /* User+CoreDataClass.swift */,
				9451FD4225E28FA90041F419 /* User+CoreDataProperties.swift */,
				9451FD2A25E27ECF0041F419 /* UserDBHelper.swift */,
				9451FD4A25E2A74F0041F419 /* CustomerDBHelper.swift */,
			);
			path = CoreData;
			sourceTree = "<group>";
		};
		9451FD4925E2A6F10041F419 /* Viewcontroller */ = {
			isa = PBXGroup;
			children = (
				9451FD1425E2784C0041F419 /* FeedController.swift */,
				94464D3625E0D2AB00C6F4F5 /* ViewController.swift */,
				9451FD1825E27E9C0041F419 /* ChatDetailsController.swift */,
				94D818D425E127EE00751FF2 /* ExampleController.swift */,
				9451FD1125E278230041F419 /* MainTabController.swift */,
			);
			path = Viewcontroller;
			sourceTree = "<group>";
		};
/* End PBXGroup section */

/* Begin PBXNativeTarget section */
		94464D2E25E0D2AB00C6F4F5 /* SampleApp */ = {
			isa = PBXNativeTarget;
			buildConfigurationList = 94464D4625E0D2D300C6F4F5 /* Build configuration list for PBXNativeTarget "SampleApp" */;
			buildPhases = (
				94464D2B25E0D2AB00C6F4F5 /* Sources */,
				94464D2C25E0D2AB00C6F4F5 /* Frameworks */,
				94464D2D25E0D2AB00C6F4F5 /* Resources */,
			);
			buildRules = (
			);
			dependencies = (
			);
			name = SampleApp;
			productName = SampleApp;
			productReference = 94464D2F25E0D2AB00C6F4F5 /* SampleApp.app */;
			productType = "com.apple.product-type.application";
		};
/* End PBXNativeTarget section */

/* Begin PBXProject section */
		94464D2725E0D2AA00C6F4F5 /* Project object */ = {
			isa = PBXProject;
			attributes = {
				LastSwiftUpdateCheck = 1230;
				LastUpgradeCheck = 1230;
				TargetAttributes = {
					94464D2E25E0D2AB00C6F4F5 = {
						CreatedOnToolsVersion = 12.3;
					};
				};
			};
			buildConfigurationList = 94464D2A25E0D2AA00C6F4F5 /* Build configuration list for PBXProject "SampleApp" */;
			compatibilityVersion = "Xcode 9.3";
			developmentRegion = en;
			hasScannedForEncodings = 0;
			knownRegions = (
				en,
				Base,
			);
			mainGroup = 94464D2625E0D2AA00C6F4F5;
			productRefGroup = 94464D3025E0D2AB00C6F4F5 /* Products */;
			projectDirPath = "";
			projectRoot = "";
			targets = (
				94464D2E25E0D2AB00C6F4F5 /* SampleApp */,
			);
		};
/* End PBXProject section */

/* Begin PBXResourcesBuildPhase section */
		94464D2D25E0D2AB00C6F4F5 /* Resources */ = {
			isa = PBXResourcesBuildPhase;
			buildActionMask = 2147483647;
			files = (
				94464D4225E0D2D300C6F4F5 /* LaunchScreen.storyboard in Resources */,
				94464D3F25E0D2D300C6F4F5 /* Assets.xcassets in Resources */,
				94464D3A25E0D2AC00C6F4F5 /* Main.storyboard in Resources */,
			);
			runOnlyForDeploymentPostprocessing = 0;
		};
/* End PBXResourcesBuildPhase section */

/* Begin PBXSourcesBuildPhase section */
		94464D2B25E0D2AB00C6F4F5 /* Sources */ = {
			isa = PBXSourcesBuildPhase;
			buildActionMask = 2147483647;
			files = (
				9451FD1F25E27EB10041F419 /* ViewController+Extension.swift in Sources */,
				94464D3725E0D2AB00C6F4F5 /* ViewController.swift in Sources */,
				94464D5025E0DC5800C6F4F5 /* TopTabCell.swift in Sources */,
				9451FD1225E278230041F419 /* MainTabController.swift in Sources */,
				94464D3D25E0D2AC00C6F4F5 /* SampleApp.xcdatamodeld in Sources */,
				9451FD4325E28FA90041F419 /* Customer+CoreDataClass.swift in Sources */,
				9451FD2425E27EC10041F419 /* UserInfo.swift in Sources */,
				9451FD5025E2C6A40041F419 /* SampleCell.swift in Sources */,
				94464D3325E0D2AB00C6F4F5 /* AppDelegate.swift in Sources */,
				9451FD4525E28FA90041F419 /* User+CoreDataClass.swift in Sources */,
				94464D3525E0D2AB00C6F4F5 /* SceneDelegate.swift in Sources */,
				94D818D225E0FC4C00751FF2 /* Utilities.swift in Sources */,
				9451FD4425E28FA90041F419 /* Customer+CoreDataProperties.swift in Sources */,
				9451FD1C25E27EA40041F419 /* ChatCell.swift in Sources */,
				9451FD2525E27EC10041F419 /* EntryItem.swift in Sources */,
				9451FD2D25E27ECF0041F419 /* UserDBHelper.swift in Sources */,
				94D818D525E127EE00751FF2 /* ExampleController.swift in Sources */,
				9451FD4B25E2A74F0041F419 /* CustomerDBHelper.swift in Sources */,
				9451FD1525E2784C0041F419 /* FeedController.swift in Sources */,
				9451FD1925E27E9C0041F419 /* ChatDetailsController.swift in Sources */,
				9451FD4625E28FA90041F419 /* User+CoreDataProperties.swift in Sources */,
				94464D5625E0DEE300C6F4F5 /* Extensions.swift in Sources */,
				94D818D825E12D0900751FF2 /* optionCell.swift in Sources */,
				9451FD0F25E277A00041F419 /* CustomCollectionViewCell.swift in Sources */,
			);
			runOnlyForDeploymentPostprocessing = 0;
		};
/* End PBXSourcesBuildPhase section */

/* Begin PBXVariantGroup section */
		94464D3825E0D2AC00C6F4F5 /* Main.storyboard */ = {
			isa = PBXVariantGroup;
			children = (
				94464D3925E0D2AC00C6F4F5 /* Base */,
			);
			name = Main.storyboard;
			sourceTree = "<group>";
		};
		94464D4025E0D2D300C6F4F5 /* LaunchScreen.storyboard */ = {
			isa = PBXVariantGroup;
			children = (
				94464D4125E0D2D300C6F4F5 /* Base */,
			);
			name = LaunchScreen.storyboard;
			sourceTree = "<group>";
		};
/* End PBXVariantGroup section */

/* Begin XCBuildConfiguration section */
		94464D4425E0D2D300C6F4F5 /* Debug */ = {
			isa = XCBuildConfiguration;
			buildSettings = {
				ALWAYS_SEARCH_USER_PATHS = NO;
				CLANG_ANALYZER_NONNULL = YES;
				CLANG_ANALYZER_NUMBER_OBJECT_CONVERSION = YES_AGGRESSIVE;
				CLANG_CXX_LANGUAGE_STANDARD = "gnu++14";
				CLANG_CXX_LIBRARY = "libc++";
				CLANG_ENABLE_MODULES = YES;
				CLANG_ENABLE_OBJC_ARC = YES;
				CLANG_ENABLE_OBJC_WEAK = YES;
				CLANG_WARN_BLOCK_CAPTURE_AUTORELEASING = YES;
				CLANG_WARN_BOOL_CONVERSION = YES;
				CLANG_WARN_COMMA = YES;
				CLANG_WARN_CONSTANT_CONVERSION = YES;
				CLANG_WARN_DEPRECATED_OBJC_IMPLEMENTATIONS = YES;
				CLANG_WARN_DIRECT_OBJC_ISA_USAGE = YES_ERROR;
				CLANG_WARN_DOCUMENTATION_COMMENTS = YES;
				CLANG_WARN_EMPTY_BODY = YES;
				CLANG_WARN_ENUM_CONVERSION = YES;
				CLANG_WARN_INFINITE_RECURSION = YES;
				CLANG_WARN_INT_CONVERSION = YES;
				CLANG_WARN_NON_LITERAL_NULL_CONVERSION = YES;
				CLANG_WARN_OBJC_IMPLICIT_RETAIN_SELF = YES;
				CLANG_WARN_OBJC_LITERAL_CONVERSION = YES;
				CLANG_WARN_OBJC_ROOT_CLASS = YES_ERROR;
				CLANG_WARN_QUOTED_INCLUDE_IN_FRAMEWORK_HEADER = YES;
				CLANG_WARN_RANGE_LOOP_ANALYSIS = YES;
				CLANG_WARN_STRICT_PROTOTYPES = YES;
				CLANG_WARN_SUSPICIOUS_MOVE = YES;
				CLANG_WARN_UNGUARDED_AVAILABILITY = YES_AGGRESSIVE;
				CLANG_WARN_UNREACHABLE_CODE = YES;
				CLANG_WARN__DUPLICATE_METHOD_MATCH = YES;
				COPY_PHASE_STRIP = NO;
				DEBUG_INFORMATION_FORMAT = dwarf;
				ENABLE_STRICT_OBJC_MSGSEND = YES;
				ENABLE_TESTABILITY = YES;
				GCC_C_LANGUAGE_STANDARD = gnu11;
				GCC_DYNAMIC_NO_PIC = NO;
				GCC_NO_COMMON_BLOCKS = YES;
				GCC_OPTIMIZATION_LEVEL = 0;
				GCC_PREPROCESSOR_DEFINITIONS = (
					"DEBUG=1",
					"$(inherited)",
				);
				GCC_WARN_64_TO_32_BIT_CONVERSION = YES;
				GCC_WARN_ABOUT_RETURN_TYPE = YES_ERROR;
				GCC_WARN_UNDECLARED_SELECTOR = YES;
				GCC_WARN_UNINITIALIZED_AUTOS = YES_AGGRESSIVE;
				GCC_WARN_UNUSED_FUNCTION = YES;
				GCC_WARN_UNUSED_VARIABLE = YES;
				IPHONEOS_DEPLOYMENT_TARGET = 14.3;
				MTL_ENABLE_DEBUG_INFO = INCLUDE_SOURCE;
				MTL_FAST_MATH = YES;
				ONLY_ACTIVE_ARCH = YES;
				SDKROOT = iphoneos;
				SWIFT_ACTIVE_COMPILATION_CONDITIONS = DEBUG;
				SWIFT_OPTIMIZATION_LEVEL = "-Onone";
			};
			name = Debug;
		};
		94464D4525E0D2D300C6F4F5 /* Release */ = {
			isa = XCBuildConfiguration;
			buildSettings = {
				ALWAYS_SEARCH_USER_PATHS = NO;
				CLANG_ANALYZER_NONNULL = YES;
				CLANG_ANALYZER_NUMBER_OBJECT_CONVERSION = YES_AGGRESSIVE;
				CLANG_CXX_LANGUAGE_STANDARD = "gnu++14";
				CLANG_CXX_LIBRARY = "libc++";
				CLANG_ENABLE_MODULES = YES;
				CLANG_ENABLE_OBJC_ARC = YES;
				CLANG_ENABLE_OBJC_WEAK = YES;
				CLANG_WARN_BLOCK_CAPTURE_AUTORELEASING = YES;
				CLANG_WARN_BOOL_CONVERSION = YES;
				CLANG_WARN_COMMA = YES;
				CLANG_WARN_CONSTANT_CONVERSION = YES;
				CLANG_WARN_DEPRECATED_OBJC_IMPLEMENTATIONS = YES;
				CLANG_WARN_DIRECT_OBJC_ISA_USAGE = YES_ERROR;
				CLANG_WARN_DOCUMENTATION_COMMENTS = YES;
				CLANG_WARN_EMPTY_BODY = YES;
				CLANG_WARN_ENUM_CONVERSION = YES;
				CLANG_WARN_INFINITE_RECURSION = YES;
				CLANG_WARN_INT_CONVERSION = YES;
				CLANG_WARN_NON_LITERAL_NULL_CONVERSION = YES;
				CLANG_WARN_OBJC_IMPLICIT_RETAIN_SELF = YES;
				CLANG_WARN_OBJC_LITERAL_CONVERSION = YES;
				CLANG_WARN_OBJC_ROOT_CLASS = YES_ERROR;
				CLANG_WARN_QUOTED_INCLUDE_IN_FRAMEWORK_HEADER = YES;
				CLANG_WARN_RANGE_LOOP_ANALYSIS = YES;
				CLANG_WARN_STRICT_PROTOTYPES = YES;
				CLANG_WARN_SUSPICIOUS_MOVE = YES;
				CLANG_WARN_UNGUARDED_AVAILABILITY = YES_AGGRESSIVE;
				CLANG_WARN_UNREACHABLE_CODE = YES;
				CLANG_WARN__DUPLICATE_METHOD_MATCH = YES;
				COPY_PHASE_STRIP = NO;
				DEBUG_INFORMATION_FORMAT = "dwarf-with-dsym";
				ENABLE_NS_ASSERTIONS = NO;
				ENABLE_STRICT_OBJC_MSGSEND = YES;
				GCC_C_LANGUAGE_STANDARD = gnu11;
				GCC_NO_COMMON_BLOCKS = YES;
				GCC_WARN_64_TO_32_BIT_CONVERSION = YES;
				GCC_WARN_ABOUT_RETURN_TYPE = YES_ERROR;
				GCC_WARN_UNDECLARED_SELECTOR = YES;
				GCC_WARN_UNINITIALIZED_AUTOS = YES_AGGRESSIVE;
				GCC_WARN_UNUSED_FUNCTION = YES;
				GCC_WARN_UNUSED_VARIABLE = YES;
				IPHONEOS_DEPLOYMENT_TARGET = 14.3;
				MTL_ENABLE_DEBUG_INFO = NO;
				MTL_FAST_MATH = YES;
				SDKROOT = iphoneos;
				SWIFT_COMPILATION_MODE = wholemodule;
				SWIFT_OPTIMIZATION_LEVEL = "-O";
				VALIDATE_PRODUCT = YES;
			};
			name = Release;
		};
		94464D4725E0D2D300C6F4F5 /* Debug */ = {
			isa = XCBuildConfiguration;
			buildSettings = {
				ASSETCATALOG_COMPILER_APPICON_NAME = AppIcon;
				ASSETCATALOG_COMPILER_GLOBAL_ACCENT_COLOR_NAME = AccentColor;
				CODE_SIGN_STYLE = Automatic;
				DEVELOPMENT_TEAM = 335RGMFDB6;
				INFOPLIST_FILE = SampleApp/Info.plist;
				LD_RUNPATH_SEARCH_PATHS = (
					"$(inherited)",
					"@executable_path/Frameworks",
				);
				PRODUCT_BUNDLE_IDENTIFIER = com.indian.SampleApp;
				PRODUCT_NAME = "$(TARGET_NAME)";
				SWIFT_VERSION = 5.0;
				TARGETED_DEVICE_FAMILY = "1,2";
			};
			name = Debug;
		};
		94464D4825E0D2D300C6F4F5 /* Release */ = {
			isa = XCBuildConfiguration;
			buildSettings = {
				ASSETCATALOG_COMPILER_APPICON_NAME = AppIcon;
				ASSETCATALOG_COMPILER_GLOBAL_ACCENT_COLOR_NAME = AccentColor;
				CODE_SIGN_STYLE = Automatic;
				DEVELOPMENT_TEAM = 335RGMFDB6;
				INFOPLIST_FILE = SampleApp/Info.plist;
				LD_RUNPATH_SEARCH_PATHS = (
					"$(inherited)",
					"@executable_path/Frameworks",
				);
				PRODUCT_BUNDLE_IDENTIFIER = com.indian.SampleApp;
				PRODUCT_NAME = "$(TARGET_NAME)";
				SWIFT_VERSION = 5.0;
				TARGETED_DEVICE_FAMILY = "1,2";
			};
			name = Release;
		};
/* End XCBuildConfiguration section */

/* Begin XCConfigurationList section */
		94464D2A25E0D2AA00C6F4F5 /* Build configuration list for PBXProject "SampleApp" */ = {
			isa = XCConfigurationList;
			buildConfigurations = (
				94464D4425E0D2D300C6F4F5 /* Debug */,
				94464D4525E0D2D300C6F4F5 /* Release */,
			);
			defaultConfigurationIsVisible = 0;
			defaultConfigurationName = Release;
		};
		94464D4625E0D2D300C6F4F5 /* Build configuration list for PBXNativeTarget "SampleApp" */ = {
			isa = XCConfigurationList;
			buildConfigurations = (
				94464D4725E0D2D300C6F4F5 /* Debug */,
				94464D4825E0D2D300C6F4F5 /* Release */,
			);
			defaultConfigurationIsVisible = 0;
			defaultConfigurationName = Release;
		};
/* End XCConfigurationList section */

/* Begin XCVersionGroup section */
		94464D3B25E0D2AC00C6F4F5 /* SampleApp.xcdatamodeld */ = {
			isa = XCVersionGroup;
			children = (
				94464D3C25E0D2AC00C6F4F5 /* SampleApp.xcdatamodel */,
			);
			currentVersion = 94464D3C25E0D2AC00C6F4F5 /* SampleApp.xcdatamodel */;
			path = SampleApp.xcdatamodeld;
			sourceTree = "<group>";
			versionGroupType = wrapper.xcdatamodel;
		};
/* End XCVersionGroup section */
	};
	rootObject = 94464D2725E0D2AA00C6F4F5 /* Project object */;
}
